
Microsoft Visual Studio Solution File, Format Version 12.00
# Visual Studio Version 17
VisualStudioVersion = 17.9.34728.123
MinimumVisualStudioVersion = 10.0.40219.1
Project("{FAE04EC0-301F-11D3-BF4B-00C04F79EFBC}") = "AGDeberPrograP2", "AGDeberPrograP2.csproj", "{3FBF7CD3-1811-4258-969B-B4AD5DE1CAEF}"
EndProject
Global
	GlobalSection(SolutionConfigurationPlatforms) = preSolution
		Debug|Any CPU = Debug|Any CPU
		Release|Any CPU = Release|Any CPU
	EndGlobalSection
	GlobalSection(ProjectConfigurationPlatforms) = postSolution
		{3FBF7CD3-1811-4258-969B-B4AD5DE1CAEF}.Debug|Any CPU.ActiveCfg = Debug|Any CPU
		{3FBF7CD3-1811-4258-969B-B4AD5DE1CAEF}.Debug|Any CPU.Build.0 = Debug|Any CPU
		{3FBF7CD3-1811-4258-969B-B4AD5DE1CAEF}.Release|Any CPU.ActiveCfg = Release|Any CPU
		{3FBF7CD3-1811-4258-969B-B4AD5DE1CAEF}.Release|Any CPU.Build.0 = Release|Any CPU
	EndGlobalSection
	GlobalSection(SolutionProperties) = preSolution
		HideSolutionNode = FALSE
	EndGlobalSection
	GlobalSection(ExtensibilityGlobals) = postSolution
		SolutionGuid = {F37DF2B8-2D42-46FF-A162-24A58D3874C1}
	EndGlobalSection
EndGlobal
